<Solution>
  <Project Path="DialogEditor.Core/DialogEditor.Core.csproj" />
  <Project Path="DialogEditor.Tests/DialogEditor.Tests.csproj" />
  <Project Path="DialogEditor.ViewModels/DialogEditor.ViewModels.csproj" />
  <Project Path="DialogEditor.Avalonia/DialogEditor.Avalonia.csproj" />
</Solution>
